
Microsoft Visual Studio Solution File, Format Version 12.00
# Visual Studio 2013
VisualStudioVersion = 12.0.30723.0
MinimumVisualStudioVersion = 10.0.40219.1
Project("{FAE04EC0-301F-11D3-BF4B-00C04F79EFBC}") = "ShortestPath", "ShortestPath\ShortestPath.csproj", "{A990D54A-087A-445E-B7FE-68C43C361186}"
EndProject
Project("{FAE04EC0-301F-11D3-BF4B-00C04F79EFBC}") = "ShortestPath.Optimization", "ShortestPath.Optimization\ShortestPath.Optimization.csproj", "{1E315551-2FE0-4644-AA0F-0031A7011B55}"
EndProject
Project("{FAE04EC0-301F-11D3-BF4B-00C04F79EFBC}") = "ShortestPath.Optimization.Naive", "ShortestPath.Optimization.Naive\ShortestPath.Optimization.Naive.csproj", "{9AB2F81A-E933-4BBA-8F04-75C55B8E428E}"
EndProject
Project("{FAE04EC0-301F-11D3-BF4B-00C04F79EFBC}") = "ShortestPath.Optimization.DP", "ShortestPath.Optimization.DP\ShortestPath.Optimization.DP.csproj", "{DA1723DD-08CB-4B37-B03B-BFF6A7361403}"
EndProject
Global
	GlobalSection(TeamFoundationVersionControl) = preSolution
		SccNumberOfProjects = 5
		SccEnterpriseProvider = {4CA58AB2-18FA-4F8D-95D4-32DDF27D184C}
		SccTeamFoundationServer = https://bsstahl.visualstudio.com/defaultcollection
		SccLocalPath0 = .
		SccProjectUniqueName1 = ShortestPath\\ShortestPath.csproj
		SccProjectName1 = ShortestPath
		SccLocalPath1 = ShortestPath
		SccProjectUniqueName2 = ShortestPath.Optimization\\ShortestPath.Optimization.csproj
		SccProjectName2 = ShortestPath.Optimization
		SccLocalPath2 = ShortestPath.Optimization
		SccProjectUniqueName3 = ShortestPath.Optimization.Naive\\ShortestPath.Optimization.Naive.csproj
		SccProjectName3 = ShortestPath.Optimization.Naive
		SccLocalPath3 = ShortestPath.Optimization.Naive
		SccProjectUniqueName4 = ShortestPath.Optimization.DP\\ShortestPath.Optimization.DP.csproj
		SccProjectName4 = ShortestPath.Optimization.DP
		SccLocalPath4 = ShortestPath.Optimization.DP
	EndGlobalSection
	GlobalSection(SolutionConfigurationPlatforms) = preSolution
		Debug|Any CPU = Debug|Any CPU
		Release|Any CPU = Release|Any CPU
	EndGlobalSection
	GlobalSection(ProjectConfigurationPlatforms) = postSolution
		{A990D54A-087A-445E-B7FE-68C43C361186}.Debug|Any CPU.ActiveCfg = Debug|Any CPU
		{A990D54A-087A-445E-B7FE-68C43C361186}.Debug|Any CPU.Build.0 = Debug|Any CPU
		{A990D54A-087A-445E-B7FE-68C43C361186}.Release|Any CPU.ActiveCfg = Release|Any CPU
		{A990D54A-087A-445E-B7FE-68C43C361186}.Release|Any CPU.Build.0 = Release|Any CPU
		{1E315551-2FE0-4644-AA0F-0031A7011B55}.Debug|Any CPU.ActiveCfg = Debug|Any CPU
		{1E315551-2FE0-4644-AA0F-0031A7011B55}.Debug|Any CPU.Build.0 = Debug|Any CPU
		{1E315551-2FE0-4644-AA0F-0031A7011B55}.Release|Any CPU.ActiveCfg = Release|Any CPU
		{1E315551-2FE0-4644-AA0F-0031A7011B55}.Release|Any CPU.Build.0 = Release|Any CPU
		{9AB2F81A-E933-4BBA-8F04-75C55B8E428E}.Debug|Any CPU.ActiveCfg = Debug|Any CPU
		{9AB2F81A-E933-4BBA-8F04-75C55B8E428E}.Debug|Any CPU.Build.0 = Debug|Any CPU
		{9AB2F81A-E933-4BBA-8F04-75C55B8E428E}.Release|Any CPU.ActiveCfg = Release|Any CPU
		{9AB2F81A-E933-4BBA-8F04-75C55B8E428E}.Release|Any CPU.Build.0 = Release|Any CPU
		{DA1723DD-08CB-4B37-B03B-BFF6A7361403}.Debug|Any CPU.ActiveCfg = Debug|Any CPU
		{DA1723DD-08CB-4B37-B03B-BFF6A7361403}.Debug|Any CPU.Build.0 = Debug|Any CPU
		{DA1723DD-08CB-4B37-B03B-BFF6A7361403}.Release|Any CPU.ActiveCfg = Release|Any CPU
		{DA1723DD-08CB-4B37-B03B-BFF6A7361403}.Release|Any CPU.Build.0 = Release|Any CPU
	EndGlobalSection
	GlobalSection(SolutionProperties) = preSolution
		HideSolutionNode = FALSE
	EndGlobalSection
EndGlobal
