
Microsoft Visual Studio Solution File, Format Version 12.00
# Visual Studio 14
VisualStudioVersion = 14.0.25420.1
MinimumVisualStudioVersion = 10.0.40219.1
Project("{FAE04EC0-301F-11D3-BF4B-00C04F79EFBC}") = "ShortestPath.Optimization", "ShortestPath.Optimization\ShortestPath.Optimization.csproj", "{1E315551-2FE0-4644-AA0F-0031A7011B55}"
EndProject
Project("{FAE04EC0-301F-11D3-BF4B-00C04F79EFBC}") = "ShortestPath.Optimization.Naive", "ShortestPath.Optimization.Naive\ShortestPath.Optimization.Naive.csproj", "{9AB2F81A-E933-4BBA-8F04-75C55B8E428E}"
EndProject
Project("{FAE04EC0-301F-11D3-BF4B-00C04F79EFBC}") = "ShortestPath.Optimization.DP", "ShortestPath.Optimization.DP\ShortestPath.Optimization.DP.csproj", "{DA1723DD-08CB-4B37-B03B-BFF6A7361403}"
EndProject
Project("{FAE04EC0-301F-11D3-BF4B-00C04F79EFBC}") = "Chutes.Optimization", "Chutes.Optimization\Chutes.Optimization.csproj", "{A53A7533-7010-4E54-93E6-B68DB3C0D541}"
EndProject
Project("{FAE04EC0-301F-11D3-BF4B-00C04F79EFBC}") = "ChutesConsole", "Chutes\ChutesConsole.csproj", "{89C758A3-2DE9-47C3-BD5D-CCE7C41B57C9}"
EndProject
Project("{2150E333-8FDC-42A3-9474-1A3956D46DE8}") = "Shortest Path", "Shortest Path", "{63AEC0C3-20B0-417F-B146-3592F2F4F3A9}"
EndProject
Project("{2150E333-8FDC-42A3-9474-1A3956D46DE8}") = "ChutesAndLadders", "ChutesAndLadders", "{669D7360-92D0-497B-8037-7D5D6AEBC676}"
EndProject
Project("{FAE04EC0-301F-11D3-BF4B-00C04F79EFBC}") = "Chutes.Optimization.Naive", "Chutes.Optimization.Naive\Chutes.Optimization.Naive.csproj", "{C926F795-CA0F-4B6C-87AF-90C98006FB64}"
EndProject
Project("{FAE04EC0-301F-11D3-BF4B-00C04F79EFBC}") = "Chutes.Optimization.DP", "Chutes.Optimization.DP\Chutes.Optimization.DP.csproj", "{5AB02A8B-AD05-4DB1-B97F-CD1FC2923C19}"
EndProject
Project("{2150E333-8FDC-42A3-9474-1A3956D46DE8}") = "UIs", "UIs", "{3767E24D-FB2D-4894-A7D5-3E9FBBCDFA48}"
EndProject
Project("{FAE04EC0-301F-11D3-BF4B-00C04F79EFBC}") = "ShortestPathDesktop", "wpf\ShortestPath\ShortestPathDesktop.csproj", "{503E2523-CEA7-4810-87DD-5DFB403D4E98}"
EndProject
Project("{FAE04EC0-301F-11D3-BF4B-00C04F79EFBC}") = "ShortestPathConsole", "ShortestPath\ShortestPathConsole.csproj", "{A990D54A-087A-445E-B7FE-68C43C361186}"
EndProject
Global
	GlobalSection(SolutionConfigurationPlatforms) = preSolution
		Debug|Any CPU = Debug|Any CPU
		Release|Any CPU = Release|Any CPU
	EndGlobalSection
	GlobalSection(ProjectConfigurationPlatforms) = postSolution
		{1E315551-2FE0-4644-AA0F-0031A7011B55}.Debug|Any CPU.ActiveCfg = Debug|Any CPU
		{1E315551-2FE0-4644-AA0F-0031A7011B55}.Debug|Any CPU.Build.0 = Debug|Any CPU
		{1E315551-2FE0-4644-AA0F-0031A7011B55}.Release|Any CPU.ActiveCfg = Release|Any CPU
		{1E315551-2FE0-4644-AA0F-0031A7011B55}.Release|Any CPU.Build.0 = Release|Any CPU
		{9AB2F81A-E933-4BBA-8F04-75C55B8E428E}.Debug|Any CPU.ActiveCfg = Debug|Any CPU
		{9AB2F81A-E933-4BBA-8F04-75C55B8E428E}.Debug|Any CPU.Build.0 = Debug|Any CPU
		{9AB2F81A-E933-4BBA-8F04-75C55B8E428E}.Release|Any CPU.ActiveCfg = Release|Any CPU
		{9AB2F81A-E933-4BBA-8F04-75C55B8E428E}.Release|Any CPU.Build.0 = Release|Any CPU
		{DA1723DD-08CB-4B37-B03B-BFF6A7361403}.Debug|Any CPU.ActiveCfg = Debug|Any CPU
		{DA1723DD-08CB-4B37-B03B-BFF6A7361403}.Debug|Any CPU.Build.0 = Debug|Any CPU
		{DA1723DD-08CB-4B37-B03B-BFF6A7361403}.Release|Any CPU.ActiveCfg = Release|Any CPU
		{DA1723DD-08CB-4B37-B03B-BFF6A7361403}.Release|Any CPU.Build.0 = Release|Any CPU
		{A53A7533-7010-4E54-93E6-B68DB3C0D541}.Debug|Any CPU.ActiveCfg = Debug|Any CPU
		{A53A7533-7010-4E54-93E6-B68DB3C0D541}.Debug|Any CPU.Build.0 = Debug|Any CPU
		{A53A7533-7010-4E54-93E6-B68DB3C0D541}.Release|Any CPU.ActiveCfg = Release|Any CPU
		{A53A7533-7010-4E54-93E6-B68DB3C0D541}.Release|Any CPU.Build.0 = Release|Any CPU
		{89C758A3-2DE9-47C3-BD5D-CCE7C41B57C9}.Debug|Any CPU.ActiveCfg = Debug|Any CPU
		{89C758A3-2DE9-47C3-BD5D-CCE7C41B57C9}.Debug|Any CPU.Build.0 = Debug|Any CPU
		{89C758A3-2DE9-47C3-BD5D-CCE7C41B57C9}.Release|Any CPU.ActiveCfg = Release|Any CPU
		{89C758A3-2DE9-47C3-BD5D-CCE7C41B57C9}.Release|Any CPU.Build.0 = Release|Any CPU
		{C926F795-CA0F-4B6C-87AF-90C98006FB64}.Debug|Any CPU.ActiveCfg = Debug|Any CPU
		{C926F795-CA0F-4B6C-87AF-90C98006FB64}.Debug|Any CPU.Build.0 = Debug|Any CPU
		{C926F795-CA0F-4B6C-87AF-90C98006FB64}.Release|Any CPU.ActiveCfg = Release|Any CPU
		{C926F795-CA0F-4B6C-87AF-90C98006FB64}.Release|Any CPU.Build.0 = Release|Any CPU
		{5AB02A8B-AD05-4DB1-B97F-CD1FC2923C19}.Debug|Any CPU.ActiveCfg = Debug|Any CPU
		{5AB02A8B-AD05-4DB1-B97F-CD1FC2923C19}.Debug|Any CPU.Build.0 = Debug|Any CPU
		{5AB02A8B-AD05-4DB1-B97F-CD1FC2923C19}.Release|Any CPU.ActiveCfg = Release|Any CPU
		{5AB02A8B-AD05-4DB1-B97F-CD1FC2923C19}.Release|Any CPU.Build.0 = Release|Any CPU
		{503E2523-CEA7-4810-87DD-5DFB403D4E98}.Debug|Any CPU.ActiveCfg = Debug|Any CPU
		{503E2523-CEA7-4810-87DD-5DFB403D4E98}.Debug|Any CPU.Build.0 = Debug|Any CPU
		{503E2523-CEA7-4810-87DD-5DFB403D4E98}.Release|Any CPU.ActiveCfg = Release|Any CPU
		{503E2523-CEA7-4810-87DD-5DFB403D4E98}.Release|Any CPU.Build.0 = Release|Any CPU
		{A990D54A-087A-445E-B7FE-68C43C361186}.Debug|Any CPU.ActiveCfg = Debug|Any CPU
		{A990D54A-087A-445E-B7FE-68C43C361186}.Debug|Any CPU.Build.0 = Debug|Any CPU
		{A990D54A-087A-445E-B7FE-68C43C361186}.Release|Any CPU.ActiveCfg = Release|Any CPU
		{A990D54A-087A-445E-B7FE-68C43C361186}.Release|Any CPU.Build.0 = Release|Any CPU
	EndGlobalSection
	GlobalSection(SolutionProperties) = preSolution
		HideSolutionNode = FALSE
	EndGlobalSection
	GlobalSection(NestedProjects) = preSolution
		{1E315551-2FE0-4644-AA0F-0031A7011B55} = {63AEC0C3-20B0-417F-B146-3592F2F4F3A9}
		{9AB2F81A-E933-4BBA-8F04-75C55B8E428E} = {63AEC0C3-20B0-417F-B146-3592F2F4F3A9}
		{DA1723DD-08CB-4B37-B03B-BFF6A7361403} = {63AEC0C3-20B0-417F-B146-3592F2F4F3A9}
		{A53A7533-7010-4E54-93E6-B68DB3C0D541} = {669D7360-92D0-497B-8037-7D5D6AEBC676}
		{89C758A3-2DE9-47C3-BD5D-CCE7C41B57C9} = {669D7360-92D0-497B-8037-7D5D6AEBC676}
		{C926F795-CA0F-4B6C-87AF-90C98006FB64} = {669D7360-92D0-497B-8037-7D5D6AEBC676}
		{5AB02A8B-AD05-4DB1-B97F-CD1FC2923C19} = {669D7360-92D0-497B-8037-7D5D6AEBC676}
		{503E2523-CEA7-4810-87DD-5DFB403D4E98} = {3767E24D-FB2D-4894-A7D5-3E9FBBCDFA48}
		{A990D54A-087A-445E-B7FE-68C43C361186} = {3767E24D-FB2D-4894-A7D5-3E9FBBCDFA48}
	EndGlobalSection
EndGlobal
